
Microsoft Visual Studio Solution File, Format Version 12.00
# Visual Studio Version 16
VisualStudioVersion = 16.0.30717.126
MinimumVisualStudioVersion = 10.0.40219.1
Project("{9A19103F-16F7-4668-BE54-9A1E7A4F7556}") = "AdventOfCode2020.Core", "AdventOfCode2020.Core\AdventOfCode2020.Core.csproj", "{BBC74032-7A4E-44CD-80FE-8D4BE61AB517}"
EndProject
Project("{FAE04EC0-301F-11D3-BF4B-00C04F79EFBC}") = "AdventOfCode2020.Test", "AdventOfCode2020.Test\AdventOfCode2020.Test.csproj", "{903E1575-B5D0-4759-8231-0CD91AE2CC82}"
EndProject
Global
	GlobalSection(SolutionConfigurationPlatforms) = preSolution
		Debug|Any CPU = Debug|Any CPU
		Release|Any CPU = Release|Any CPU
	EndGlobalSection
	GlobalSection(ProjectConfigurationPlatforms) = postSolution
		{BBC74032-7A4E-44CD-80FE-8D4BE61AB517}.Debug|Any CPU.ActiveCfg = Debug|Any CPU
		{BBC74032-7A4E-44CD-80FE-8D4BE61AB517}.Debug|Any CPU.Build.0 = Debug|Any CPU
		{BBC74032-7A4E-44CD-80FE-8D4BE61AB517}.Release|Any CPU.ActiveCfg = Release|Any CPU
		{BBC74032-7A4E-44CD-80FE-8D4BE61AB517}.Release|Any CPU.Build.0 = Release|Any CPU
		{903E1575-B5D0-4759-8231-0CD91AE2CC82}.Debug|Any CPU.ActiveCfg = Debug|Any CPU
		{903E1575-B5D0-4759-8231-0CD91AE2CC82}.Debug|Any CPU.Build.0 = Debug|Any CPU
		{903E1575-B5D0-4759-8231-0CD91AE2CC82}.Release|Any CPU.ActiveCfg = Release|Any CPU
		{903E1575-B5D0-4759-8231-0CD91AE2CC82}.Release|Any CPU.Build.0 = Release|Any CPU
	EndGlobalSection
	GlobalSection(SolutionProperties) = preSolution
		HideSolutionNode = FALSE
	EndGlobalSection
	GlobalSection(ExtensibilityGlobals) = postSolution
		SolutionGuid = {C04DDA04-C63D-4999-B6CB-F56C73E8676D}
	EndGlobalSection
EndGlobal
