
Microsoft Visual Studio Solution File, Format Version 12.00
# Visual Studio Version 17
VisualStudioVersion = 17.4.33110.190
MinimumVisualStudioVersion = 10.0.40219.1
Project("{9A19103F-16F7-4668-BE54-9A1E7A4F7556}") = "AdventOfCode.Core", "AdventOfCode.Core\AdventOfCode.Core.csproj", "{E48AB67B-8ADC-48F4-AE65-9147734C99D1}"
EndProject
Project("{9A19103F-16F7-4668-BE54-9A1E7A4F7556}") = "AdventOfCode.Tests", "AdventOfCode.Tests\AdventOfCode.Tests.csproj", "{1E42E336-C418-4498-997E-FF964093B169}"
EndProject
Project("{2150E333-8FDC-42A3-9474-1A3956D46DE8}") = "docs", "docs", "{B7FDE3BD-93FA-4C14-886F-3EC8A4CD4F49}"
	ProjectSection(SolutionItems) = preProject
		docs\Day01.md = docs\Day01.md
		docs\Day02.md = docs\Day02.md
		docs\Day03.md = docs\Day03.md
		docs\Day04.md = docs\Day04.md
		docs\Day05.md = docs\Day05.md
		docs\Day06.md = docs\Day06.md
		docs\Day07.md = docs\Day07.md
	EndProjectSection
EndProject
Global
	GlobalSection(SolutionConfigurationPlatforms) = preSolution
		Debug|Any CPU = Debug|Any CPU
		Release|Any CPU = Release|Any CPU
	EndGlobalSection
	GlobalSection(ProjectConfigurationPlatforms) = postSolution
		{E48AB67B-8ADC-48F4-AE65-9147734C99D1}.Debug|Any CPU.ActiveCfg = Debug|Any CPU
		{E48AB67B-8ADC-48F4-AE65-9147734C99D1}.Debug|Any CPU.Build.0 = Debug|Any CPU
		{E48AB67B-8ADC-48F4-AE65-9147734C99D1}.Release|Any CPU.ActiveCfg = Release|Any CPU
		{E48AB67B-8ADC-48F4-AE65-9147734C99D1}.Release|Any CPU.Build.0 = Release|Any CPU
		{1E42E336-C418-4498-997E-FF964093B169}.Debug|Any CPU.ActiveCfg = Debug|Any CPU
		{1E42E336-C418-4498-997E-FF964093B169}.Debug|Any CPU.Build.0 = Debug|Any CPU
		{1E42E336-C418-4498-997E-FF964093B169}.Release|Any CPU.ActiveCfg = Release|Any CPU
		{1E42E336-C418-4498-997E-FF964093B169}.Release|Any CPU.Build.0 = Release|Any CPU
	EndGlobalSection
	GlobalSection(SolutionProperties) = preSolution
		HideSolutionNode = FALSE
	EndGlobalSection
	GlobalSection(ExtensibilityGlobals) = postSolution
		SolutionGuid = {07579B77-E697-4305-A7B7-D032739DFCF5}
	EndGlobalSection
EndGlobal
